
Microsoft Visual Studio Solution File, Format Version 12.00
# Visual Studio Version 16
VisualStudioVersion = 16.0.32126.315
MinimumVisualStudioVersion = 10.0.40219.1
Project("{FAE04EC0-301F-11D3-BF4B-00C04F79EFBC}") = "07-04-2022 Task", "04-07-2022 Task\07-04-2022 Task.csproj", "{16979D2A-D141-4B17-AE29-E54B203FAB4F}"
EndProject
Global
	GlobalSection(SolutionConfigurationPlatforms) = preSolution
		Debug|Any CPU = Debug|Any CPU
		Release|Any CPU = Release|Any CPU
	EndGlobalSection
	GlobalSection(ProjectConfigurationPlatforms) = postSolution
		{16979D2A-D141-4B17-AE29-E54B203FAB4F}.Debug|Any CPU.ActiveCfg = Debug|Any CPU
		{16979D2A-D141-4B17-AE29-E54B203FAB4F}.Debug|Any CPU.Build.0 = Debug|Any CPU
		{16979D2A-D141-4B17-AE29-E54B203FAB4F}.Release|Any CPU.ActiveCfg = Release|Any CPU
		{16979D2A-D141-4B17-AE29-E54B203FAB4F}.Release|Any CPU.Build.0 = Release|Any CPU
	EndGlobalSection
	GlobalSection(SolutionProperties) = preSolution
		HideSolutionNode = FALSE
	EndGlobalSection
	GlobalSection(ExtensibilityGlobals) = postSolution
		SolutionGuid = {BFF6D8A8-C193-42B2-9CC8-B5AE9A21CA5C}
	EndGlobalSection
EndGlobal
